
Microsoft Visual Studio Solution File, Format Version 12.00
# Visual Studio Version 16
VisualStudioVersion = 16.0.32126.315
MinimumVisualStudioVersion = 10.0.40219.1
Project("{FAE04EC0-301F-11D3-BF4B-00C04F79EFBC}") = "Netflix", "Netflix\Netflix.csproj", "{DE0CB1A7-C649-4C7D-B788-12DBE31B68C7}"
EndProject
Global
	GlobalSection(SolutionConfigurationPlatforms) = preSolution
		Debug|Any CPU = Debug|Any CPU
		Release|Any CPU = Release|Any CPU
	EndGlobalSection
	GlobalSection(ProjectConfigurationPlatforms) = postSolution
		{DE0CB1A7-C649-4C7D-B788-12DBE31B68C7}.Debug|Any CPU.ActiveCfg = Debug|Any CPU
		{DE0CB1A7-C649-4C7D-B788-12DBE31B68C7}.Debug|Any CPU.Build.0 = Debug|Any CPU
		{DE0CB1A7-C649-4C7D-B788-12DBE31B68C7}.Release|Any CPU.ActiveCfg = Release|Any CPU
		{DE0CB1A7-C649-4C7D-B788-12DBE31B68C7}.Release|Any CPU.Build.0 = Release|Any CPU
	EndGlobalSection
	GlobalSection(SolutionProperties) = preSolution
		HideSolutionNode = FALSE
	EndGlobalSection
	GlobalSection(ExtensibilityGlobals) = postSolution
		SolutionGuid = {44569975-B5F4-4F44-8166-3A88A5282C6A}
	EndGlobalSection
EndGlobal
